
Microsoft Visual Studio Solution File, Format Version 12.00
# Visual Studio Version 16
VisualStudioVersion = 16.0.29215.179
MinimumVisualStudioVersion = 10.0.40219.1
Project("{FAE04EC0-301F-11D3-BF4B-00C04F79EFBC}") = "OSLab1", "OSLab1\OSLab1.csproj", "{C929EEE2-B49F-4619-806E-FAAB7769EA9B}"
EndProject
Global
	GlobalSection(SolutionConfigurationPlatforms) = preSolution
		Debug|Any CPU = Debug|Any CPU
		Release|Any CPU = Release|Any CPU
	EndGlobalSection
	GlobalSection(ProjectConfigurationPlatforms) = postSolution
		{C929EEE2-B49F-4619-806E-FAAB7769EA9B}.Debug|Any CPU.ActiveCfg = Debug|Any CPU
		{C929EEE2-B49F-4619-806E-FAAB7769EA9B}.Debug|Any CPU.Build.0 = Debug|Any CPU
		{C929EEE2-B49F-4619-806E-FAAB7769EA9B}.Release|Any CPU.ActiveCfg = Release|Any CPU
		{C929EEE2-B49F-4619-806E-FAAB7769EA9B}.Release|Any CPU.Build.0 = Release|Any CPU
	EndGlobalSection
	GlobalSection(SolutionProperties) = preSolution
		HideSolutionNode = FALSE
	EndGlobalSection
	GlobalSection(ExtensibilityGlobals) = postSolution
		SolutionGuid = {08384876-1E2A-4CE6-8656-B9688862D524}
	EndGlobalSection
EndGlobal
